
Microsoft Visual Studio Solution File, Format Version 12.00
# Visual Studio 14
VisualStudioVersion = 14.0.25420.1
MinimumVisualStudioVersion = 10.0.40219.1
Project("{FAE04EC0-301F-11D3-BF4B-00C04F79EFBC}") = "StackHeapDemo", "StackHeapDemo\StackHeapDemo.csproj", "{6D339B33-4B19-478F-92D8-D19C0F52C231}"
EndProject
Project("{FAE04EC0-301F-11D3-BF4B-00C04F79EFBC}") = "GenericListDemo", "GenericListDemo\GenericListDemo.csproj", "{9E17BB6D-6DCB-4492-B0C8-C8B9213D7B04}"
EndProject
Project("{FAE04EC0-301F-11D3-BF4B-00C04F79EFBC}") = "EnumsAttributeExtensionDemo", "EnumsAttributeExtensionDemo\EnumsAttributeExtensionDemo.csproj", "{528868F4-A96F-432E-9638-794B37282892}"
EndProject
Project("{FAE04EC0-301F-11D3-BF4B-00C04F79EFBC}") = "EnumsDemo", "EnumsDemo\EnumsDemo.csproj", "{29F4A31A-3286-4EB6-BC70-2A8262A9A07F}"
EndProject
Project("{FAE04EC0-301F-11D3-BF4B-00C04F79EFBC}") = "ExtensionsDemo", "ExtensionsDemo\ExtensionsDemo.csproj", "{E7B7A561-2907-4DE0-873D-1A4294F6659E}"
EndProject
Project("{FAE04EC0-301F-11D3-BF4B-00C04F79EFBC}") = "DelegateLambdaDemo", "DelegateLambdaDemo\DelegateLambdaDemo.csproj", "{F50FA584-3670-4D6C-9DBB-3DB5F108444B}"
EndProject
Project("{FAE04EC0-301F-11D3-BF4B-00C04F79EFBC}") = "EventsDemo", "EventsDemo\EventsDemo.csproj", "{BC3710A1-C70A-4093-913C-D612124F9042}"
EndProject
Project("{FAE04EC0-301F-11D3-BF4B-00C04F79EFBC}") = "EventsGUIDemo", "EventsGUIDemo\EventsGUIDemo.csproj", "{E26904BC-4E72-4926-8336-13167F64213D}"
EndProject
Project("{FAE04EC0-301F-11D3-BF4B-00C04F79EFBC}") = "AsyncDemo", "AsyncDemo\AsyncDemo.csproj", "{E81590DC-F6AB-4621-A8DF-4BED37F13922}"
EndProject
Project("{FAE04EC0-301F-11D3-BF4B-00C04F79EFBC}") = "LinqObjectsDemo", "LinqObjectsDemo\LinqObjectsDemo.csproj", "{1EB70727-7607-438C-9996-0ACC33410FA0}"
EndProject
Project("{FAE04EC0-301F-11D3-BF4B-00C04F79EFBC}") = "LinqXMLDemo", "LinqXMLDemo\LinqXMLDemo.csproj", "{F9065E6F-C106-4DFA-92C4-75974A48B051}"
EndProject
Project("{FAE04EC0-301F-11D3-BF4B-00C04F79EFBC}") = "LoadXMLDemo", "LoadXMLDemo\LoadXMLDemo.csproj", "{7D945D2E-46B1-4CA5-9340-9FB77220C68F}"
EndProject
Project("{FAE04EC0-301F-11D3-BF4B-00C04F79EFBC}") = "LinqJsonDemo", "LinqJsonDemo\LinqJsonDemo.csproj", "{CBF7D02C-C1B0-4E31-A2C1-0FB9F2535CAB}"
EndProject
Project("{FAE04EC0-301F-11D3-BF4B-00C04F79EFBC}") = "SpotifySearchDemo", "SpotifySearchDemo\SpotifySearchDemo.csproj", "{C3B4E476-F496-479A-AABA-E15D84452C9B}"
EndProject
Project("{FAE04EC0-301F-11D3-BF4B-00C04F79EFBC}") = "LinqEntityFrameworkDemo", "LinqEntityFrameworkDemo\LinqEntityFrameworkDemo.csproj", "{72FA2902-CFD0-4311-8422-A4FD76E1ACF4}"
EndProject
Global
	GlobalSection(SolutionConfigurationPlatforms) = preSolution
		Debug|Any CPU = Debug|Any CPU
		Release|Any CPU = Release|Any CPU
	EndGlobalSection
	GlobalSection(ProjectConfigurationPlatforms) = postSolution
		{6D339B33-4B19-478F-92D8-D19C0F52C231}.Debug|Any CPU.ActiveCfg = Debug|Any CPU
		{6D339B33-4B19-478F-92D8-D19C0F52C231}.Debug|Any CPU.Build.0 = Debug|Any CPU
		{6D339B33-4B19-478F-92D8-D19C0F52C231}.Release|Any CPU.ActiveCfg = Release|Any CPU
		{6D339B33-4B19-478F-92D8-D19C0F52C231}.Release|Any CPU.Build.0 = Release|Any CPU
		{9E17BB6D-6DCB-4492-B0C8-C8B9213D7B04}.Debug|Any CPU.ActiveCfg = Debug|Any CPU
		{9E17BB6D-6DCB-4492-B0C8-C8B9213D7B04}.Debug|Any CPU.Build.0 = Debug|Any CPU
		{9E17BB6D-6DCB-4492-B0C8-C8B9213D7B04}.Release|Any CPU.ActiveCfg = Release|Any CPU
		{9E17BB6D-6DCB-4492-B0C8-C8B9213D7B04}.Release|Any CPU.Build.0 = Release|Any CPU
		{528868F4-A96F-432E-9638-794B37282892}.Debug|Any CPU.ActiveCfg = Debug|Any CPU
		{528868F4-A96F-432E-9638-794B37282892}.Debug|Any CPU.Build.0 = Debug|Any CPU
		{528868F4-A96F-432E-9638-794B37282892}.Release|Any CPU.ActiveCfg = Release|Any CPU
		{528868F4-A96F-432E-9638-794B37282892}.Release|Any CPU.Build.0 = Release|Any CPU
		{29F4A31A-3286-4EB6-BC70-2A8262A9A07F}.Debug|Any CPU.ActiveCfg = Debug|Any CPU
		{29F4A31A-3286-4EB6-BC70-2A8262A9A07F}.Debug|Any CPU.Build.0 = Debug|Any CPU
		{29F4A31A-3286-4EB6-BC70-2A8262A9A07F}.Release|Any CPU.ActiveCfg = Release|Any CPU
		{29F4A31A-3286-4EB6-BC70-2A8262A9A07F}.Release|Any CPU.Build.0 = Release|Any CPU
		{E7B7A561-2907-4DE0-873D-1A4294F6659E}.Debug|Any CPU.ActiveCfg = Debug|Any CPU
		{E7B7A561-2907-4DE0-873D-1A4294F6659E}.Debug|Any CPU.Build.0 = Debug|Any CPU
		{E7B7A561-2907-4DE0-873D-1A4294F6659E}.Release|Any CPU.ActiveCfg = Release|Any CPU
		{E7B7A561-2907-4DE0-873D-1A4294F6659E}.Release|Any CPU.Build.0 = Release|Any CPU
		{F50FA584-3670-4D6C-9DBB-3DB5F108444B}.Debug|Any CPU.ActiveCfg = Debug|Any CPU
		{F50FA584-3670-4D6C-9DBB-3DB5F108444B}.Debug|Any CPU.Build.0 = Debug|Any CPU
		{F50FA584-3670-4D6C-9DBB-3DB5F108444B}.Release|Any CPU.ActiveCfg = Release|Any CPU
		{F50FA584-3670-4D6C-9DBB-3DB5F108444B}.Release|Any CPU.Build.0 = Release|Any CPU
		{BC3710A1-C70A-4093-913C-D612124F9042}.Debug|Any CPU.ActiveCfg = Debug|Any CPU
		{BC3710A1-C70A-4093-913C-D612124F9042}.Debug|Any CPU.Build.0 = Debug|Any CPU
		{BC3710A1-C70A-4093-913C-D612124F9042}.Release|Any CPU.ActiveCfg = Release|Any CPU
		{BC3710A1-C70A-4093-913C-D612124F9042}.Release|Any CPU.Build.0 = Release|Any CPU
		{E26904BC-4E72-4926-8336-13167F64213D}.Debug|Any CPU.ActiveCfg = Debug|Any CPU
		{E26904BC-4E72-4926-8336-13167F64213D}.Debug|Any CPU.Build.0 = Debug|Any CPU
		{E26904BC-4E72-4926-8336-13167F64213D}.Release|Any CPU.ActiveCfg = Release|Any CPU
		{E26904BC-4E72-4926-8336-13167F64213D}.Release|Any CPU.Build.0 = Release|Any CPU
		{E81590DC-F6AB-4621-A8DF-4BED37F13922}.Debug|Any CPU.ActiveCfg = Debug|Any CPU
		{E81590DC-F6AB-4621-A8DF-4BED37F13922}.Debug|Any CPU.Build.0 = Debug|Any CPU
		{E81590DC-F6AB-4621-A8DF-4BED37F13922}.Release|Any CPU.ActiveCfg = Release|Any CPU
		{E81590DC-F6AB-4621-A8DF-4BED37F13922}.Release|Any CPU.Build.0 = Release|Any CPU
		{1EB70727-7607-438C-9996-0ACC33410FA0}.Debug|Any CPU.ActiveCfg = Debug|Any CPU
		{1EB70727-7607-438C-9996-0ACC33410FA0}.Debug|Any CPU.Build.0 = Debug|Any CPU
		{1EB70727-7607-438C-9996-0ACC33410FA0}.Release|Any CPU.ActiveCfg = Release|Any CPU
		{1EB70727-7607-438C-9996-0ACC33410FA0}.Release|Any CPU.Build.0 = Release|Any CPU
		{F9065E6F-C106-4DFA-92C4-75974A48B051}.Debug|Any CPU.ActiveCfg = Debug|Any CPU
		{F9065E6F-C106-4DFA-92C4-75974A48B051}.Debug|Any CPU.Build.0 = Debug|Any CPU
		{F9065E6F-C106-4DFA-92C4-75974A48B051}.Release|Any CPU.ActiveCfg = Release|Any CPU
		{F9065E6F-C106-4DFA-92C4-75974A48B051}.Release|Any CPU.Build.0 = Release|Any CPU
		{7D945D2E-46B1-4CA5-9340-9FB77220C68F}.Debug|Any CPU.ActiveCfg = Debug|Any CPU
		{7D945D2E-46B1-4CA5-9340-9FB77220C68F}.Debug|Any CPU.Build.0 = Debug|Any CPU
		{7D945D2E-46B1-4CA5-9340-9FB77220C68F}.Release|Any CPU.ActiveCfg = Release|Any CPU
		{7D945D2E-46B1-4CA5-9340-9FB77220C68F}.Release|Any CPU.Build.0 = Release|Any CPU
		{CBF7D02C-C1B0-4E31-A2C1-0FB9F2535CAB}.Debug|Any CPU.ActiveCfg = Debug|Any CPU
		{CBF7D02C-C1B0-4E31-A2C1-0FB9F2535CAB}.Debug|Any CPU.Build.0 = Debug|Any CPU
		{CBF7D02C-C1B0-4E31-A2C1-0FB9F2535CAB}.Release|Any CPU.ActiveCfg = Release|Any CPU
		{CBF7D02C-C1B0-4E31-A2C1-0FB9F2535CAB}.Release|Any CPU.Build.0 = Release|Any CPU
		{C3B4E476-F496-479A-AABA-E15D84452C9B}.Debug|Any CPU.ActiveCfg = Debug|Any CPU
		{C3B4E476-F496-479A-AABA-E15D84452C9B}.Debug|Any CPU.Build.0 = Debug|Any CPU
		{C3B4E476-F496-479A-AABA-E15D84452C9B}.Release|Any CPU.ActiveCfg = Release|Any CPU
		{C3B4E476-F496-479A-AABA-E15D84452C9B}.Release|Any CPU.Build.0 = Release|Any CPU
		{72FA2902-CFD0-4311-8422-A4FD76E1ACF4}.Debug|Any CPU.ActiveCfg = Debug|Any CPU
		{72FA2902-CFD0-4311-8422-A4FD76E1ACF4}.Debug|Any CPU.Build.0 = Debug|Any CPU
		{72FA2902-CFD0-4311-8422-A4FD76E1ACF4}.Release|Any CPU.ActiveCfg = Release|Any CPU
		{72FA2902-CFD0-4311-8422-A4FD76E1ACF4}.Release|Any CPU.Build.0 = Release|Any CPU
	EndGlobalSection
	GlobalSection(SolutionProperties) = preSolution
		HideSolutionNode = FALSE
	EndGlobalSection
EndGlobal
